
Microsoft Visual Studio Solution File, Format Version 12.00
# Visual Studio Version 17
VisualStudioVersion = 17.4.33122.133
MinimumVisualStudioVersion = 10.0.40219.1
Project("{FAE04EC0-301F-11D3-BF4B-00C04F79EFBC}") = "HardwareWarehouseManagementSystem", "HardwareWarehouseManagementSystem.csproj", "{3D3CD765-893A-4BB2-A6DF-561A8480AF58}"
EndProject
Project("{FAE04EC0-301F-11D3-BF4B-00C04F79EFBC}") = "WarehouseManagementAPI", "..\WarehouseManagementAPI\WarehouseManagementAPI.csproj", "{305F0F86-901D-4D54-BA0B-C4D44D6F6C29}"
EndProject
Global
	GlobalSection(SolutionConfigurationPlatforms) = preSolution
		Debug|Any CPU = Debug|Any CPU
		Release|Any CPU = Release|Any CPU
	EndGlobalSection
	GlobalSection(ProjectConfigurationPlatforms) = postSolution
		{3D3CD765-893A-4BB2-A6DF-561A8480AF58}.Debug|Any CPU.ActiveCfg = Debug|Any CPU
		{3D3CD765-893A-4BB2-A6DF-561A8480AF58}.Debug|Any CPU.Build.0 = Debug|Any CPU
		{3D3CD765-893A-4BB2-A6DF-561A8480AF58}.Release|Any CPU.ActiveCfg = Release|Any CPU
		{3D3CD765-893A-4BB2-A6DF-561A8480AF58}.Release|Any CPU.Build.0 = Release|Any CPU
		{305F0F86-901D-4D54-BA0B-C4D44D6F6C29}.Debug|Any CPU.ActiveCfg = Debug|Any CPU
		{305F0F86-901D-4D54-BA0B-C4D44D6F6C29}.Debug|Any CPU.Build.0 = Debug|Any CPU
		{305F0F86-901D-4D54-BA0B-C4D44D6F6C29}.Release|Any CPU.ActiveCfg = Release|Any CPU
		{305F0F86-901D-4D54-BA0B-C4D44D6F6C29}.Release|Any CPU.Build.0 = Release|Any CPU
	EndGlobalSection
	GlobalSection(SolutionProperties) = preSolution
		HideSolutionNode = FALSE
	EndGlobalSection
	GlobalSection(ExtensibilityGlobals) = postSolution
		SolutionGuid = {81FE3E24-2A6B-462F-B493-ACE0CEEA4E5C}
	EndGlobalSection
EndGlobal
